
Microsoft Visual Studio Solution File, Format Version 12.00
# Visual Studio Version 17
VisualStudioVersion = 17.10.35122.118
MinimumVisualStudioVersion = 10.0.40219.1
Project("{FAE04EC0-301F-11D3-BF4B-00C04F79EFBC}") = "Core_Arca", "Core_Arca\Core_Arca.csproj", "{AE41B10A-BE90-443F-910B-39121E87957B}"
EndProject
Global
	GlobalSection(SolutionConfigurationPlatforms) = preSolution
		Debug|Any CPU = Debug|Any CPU
		Release|Any CPU = Release|Any CPU
	EndGlobalSection
	GlobalSection(ProjectConfigurationPlatforms) = postSolution
		{AE41B10A-BE90-443F-910B-39121E87957B}.Debug|Any CPU.ActiveCfg = Debug|Any CPU
		{AE41B10A-BE90-443F-910B-39121E87957B}.Debug|Any CPU.Build.0 = Debug|Any CPU
		{AE41B10A-BE90-443F-910B-39121E87957B}.Release|Any CPU.ActiveCfg = Release|Any CPU
		{AE41B10A-BE90-443F-910B-39121E87957B}.Release|Any CPU.Build.0 = Release|Any CPU
	EndGlobalSection
	GlobalSection(SolutionProperties) = preSolution
		HideSolutionNode = FALSE
	EndGlobalSection
	GlobalSection(ExtensibilityGlobals) = postSolution
		SolutionGuid = {3275D854-0C88-4B32-B62B-7969F9085339}
	EndGlobalSection
EndGlobal
